github.com/hugomods/icons v0.6.3 h1:2Ra6NU2GOeVvz8vowLq/OZCTzxqhq84MA0TICRBVxeY=
github.com/hugomods/icons v0.6.3/go.mod h1:cIkSvK6W0q6N4U6n9KGz+QfRWQXAW0INd+1P31gPNGg=
github.com/hugomods/icons/vendors/bootstrap v0.5.6 h1:4Vj7u52gFUnO+Jj/CqmGfsLroify2aysRpIvgHRNjjI=
github.com/hugomods/icons/vendors/bootstrap v0.5.6/go.mod h1:Sw1RhQvFcsQlJ5a4SKpp7A0XHDYQ0DK0pQwnnx+l+Ao=
github.com/hugomods/icons/vendors/font-awesome v0.6.6 h1:rb12roByF9LZfUxBpyhyqenkcX2+VGkYf5jJ/55OPHo=
github.com/hugomods/icons/vendors/font-awesome v0.6.6/go.mod h1:2IVdmnq+IWCnPFYsvbxq59dTuW3+prPLerpu8Ezobro=
